
Microsoft Visual Studio Solution File, Format Version 12.00
# Visual Studio 15
VisualStudioVersion = 15.0.26430.6
MinimumVisualStudioVersion = 10.0.40219.1
Project("{FAE04EC0-301F-11D3-BF4B-00C04F79EFBC}") = "HamburgerMenuXamarin.Android", "HamburgerMenuXamarin\HamburgerMenuXamarin.Android\HamburgerMenuXamarin.Android.csproj", "{56663C7B-2C8F-4517-9B2E-8296796CA92A}"
EndProject
Project("{FAE04EC0-301F-11D3-BF4B-00C04F79EFBC}") = "HamburgerMenuXamarin", "HamburgerMenuXamarin\HamburgerMenuXamarin\HamburgerMenuXamarin.csproj", "{A35D222A-BC5D-4657-8CF6-4627E2032E12}"
EndProject
Project("{FAE04EC0-301F-11D3-BF4B-00C04F79EFBC}") = "HamburgerMenuXamarin.UWP", "HamburgerMenuXamarin\HamburgerMenuXamarin.UWP\HamburgerMenuXamarin.UWP.csproj", "{82B06D40-F387-4014-9AC4-EEC39918E409}"
EndProject
Project("{FAE04EC0-301F-11D3-BF4B-00C04F79EFBC}") = "HamburgerMenuXamarin.iOS", "HamburgerMenuXamarin\HamburgerMenuXamarin.iOS\HamburgerMenuXamarin.iOS.csproj", "{EA31850F-1F68-462F-BD84-BC1AA68AFA12}"
EndProject
Global
	GlobalSection(SolutionConfigurationPlatforms) = preSolution
		Ad-Hoc|Any CPU = Ad-Hoc|Any CPU
		Ad-Hoc|ARM = Ad-Hoc|ARM
		Ad-Hoc|iPhone = Ad-Hoc|iPhone
		Ad-Hoc|iPhoneSimulator = Ad-Hoc|iPhoneSimulator
		Ad-Hoc|x64 = Ad-Hoc|x64
		Ad-Hoc|x86 = Ad-Hoc|x86
		AppStore|Any CPU = AppStore|Any CPU
		AppStore|ARM = AppStore|ARM
		AppStore|iPhone = AppStore|iPhone
		AppStore|iPhoneSimulator = AppStore|iPhoneSimulator
		AppStore|x64 = AppStore|x64
		AppStore|x86 = AppStore|x86
		Debug|Any CPU = Debug|Any CPU
		Debug|ARM = Debug|ARM
		Debug|iPhone = Debug|iPhone
		Debug|iPhoneSimulator = Debug|iPhoneSimulator
		Debug|x64 = Debug|x64
		Debug|x86 = Debug|x86
		Release|Any CPU = Release|Any CPU
		Release|ARM = Release|ARM
		Release|iPhone = Release|iPhone
		Release|iPhoneSimulator = Release|iPhoneSimulator
		Release|x64 = Release|x64
		Release|x86 = Release|x86
	EndGlobalSection
	GlobalSection(ProjectConfigurationPlatforms) = postSolution
		{56663C7B-2C8F-4517-9B2E-8296796CA92A}.Ad-Hoc|Any CPU.ActiveCfg = Release|Any CPU
		{56663C7B-2C8F-4517-9B2E-8296796CA92A}.Ad-Hoc|Any CPU.Build.0 = Release|Any CPU
		{56663C7B-2C8F-4517-9B2E-8296796CA92A}.Ad-Hoc|Any CPU.Deploy.0 = Release|Any CPU
		{56663C7B-2C8F-4517-9B2E-8296796CA92A}.Ad-Hoc|ARM.ActiveCfg = Release|Any CPU
		{56663C7B-2C8F-4517-9B2E-8296796CA92A}.Ad-Hoc|ARM.Build.0 = Release|Any CPU
		{56663C7B-2C8F-4517-9B2E-8296796CA92A}.Ad-Hoc|ARM.Deploy.0 = Release|Any CPU
		{56663C7B-2C8F-4517-9B2E-8296796CA92A}.Ad-Hoc|iPhone.ActiveCfg = Release|Any CPU
		{56663C7B-2C8F-4517-9B2E-8296796CA92A}.Ad-Hoc|iPhone.Build.0 = Release|Any CPU
		{56663C7B-2C8F-4517-9B2E-8296796CA92A}.Ad-Hoc|iPhone.Deploy.0 = Release|Any CPU
		{56663C7B-2C8F-4517-9B2E-8296796CA92A}.Ad-Hoc|iPhoneSimulator.ActiveCfg = Release|Any CPU
		{56663C7B-2C8F-4517-9B2E-8296796CA92A}.Ad-Hoc|iPhoneSimulator.Build.0 = Release|Any CPU
		{56663C7B-2C8F-4517-9B2E-8296796CA92A}.Ad-Hoc|iPhoneSimulator.Deploy.0 = Release|Any CPU
		{56663C7B-2C8F-4517-9B2E-8296796CA92A}.Ad-Hoc|x64.ActiveCfg = Release|Any CPU
		{56663C7B-2C8F-4517-9B2E-8296796CA92A}.Ad-Hoc|x64.Build.0 = Release|Any CPU
		{56663C7B-2C8F-4517-9B2E-8296796CA92A}.Ad-Hoc|x64.Deploy.0 = Release|Any CPU
		{56663C7B-2C8F-4517-9B2E-8296796CA92A}.Ad-Hoc|x86.ActiveCfg = Release|Any CPU
		{56663C7B-2C8F-4517-9B2E-8296796CA92A}.Ad-Hoc|x86.Build.0 = Release|Any CPU
		{56663C7B-2C8F-4517-9B2E-8296796CA92A}.Ad-Hoc|x86.Deploy.0 = Release|Any CPU
		{56663C7B-2C8F-4517-9B2E-8296796CA92A}.AppStore|Any CPU.ActiveCfg = Release|Any CPU
		{56663C7B-2C8F-4517-9B2E-8296796CA92A}.AppStore|Any CPU.Build.0 = Release|Any CPU
		{56663C7B-2C8F-4517-9B2E-8296796CA92A}.AppStore|Any CPU.Deploy.0 = Release|Any CPU
		{56663C7B-2C8F-4517-9B2E-8296796CA92A}.AppStore|ARM.ActiveCfg = Release|Any CPU
		{56663C7B-2C8F-4517-9B2E-8296796CA92A}.AppStore|ARM.Build.0 = Release|Any CPU
		{56663C7B-2C8F-4517-9B2E-8296796CA92A}.AppStore|ARM.Deploy.0 = Release|Any CPU
		{56663C7B-2C8F-4517-9B2E-8296796CA92A}.AppStore|iPhone.ActiveCfg = Release|Any CPU
		{56663C7B-2C8F-4517-9B2E-8296796CA92A}.AppStore|iPhone.Build.0 = Release|Any CPU
		{56663C7B-2C8F-4517-9B2E-8296796CA92A}.AppStore|iPhone.Deploy.0 = Release|Any CPU
		{56663C7B-2C8F-4517-9B2E-8296796CA92A}.AppStore|iPhoneSimulator.ActiveCfg = Release|Any CPU
		{56663C7B-2C8F-4517-9B2E-8296796CA92A}.AppStore|iPhoneSimulator.Build.0 = Release|Any CPU
		{56663C7B-2C8F-4517-9B2E-8296796CA92A}.AppStore|iPhoneSimulator.Deploy.0 = Release|Any CPU
		{56663C7B-2C8F-4517-9B2E-8296796CA92A}.AppStore|x64.ActiveCfg = Release|Any CPU
		{56663C7B-2C8F-4517-9B2E-8296796CA92A}.AppStore|x64.Build.0 = Release|Any CPU
		{56663C7B-2C8F-4517-9B2E-8296796CA92A}.AppStore|x64.Deploy.0 = Release|Any CPU
		{56663C7B-2C8F-4517-9B2E-8296796CA92A}.AppStore|x86.ActiveCfg = Release|Any CPU
		{56663C7B-2C8F-4517-9B2E-8296796CA92A}.AppStore|x86.Build.0 = Release|Any CPU
		{56663C7B-2C8F-4517-9B2E-8296796CA92A}.AppStore|x86.Deploy.0 = Release|Any CPU
		{56663C7B-2C8F-4517-9B2E-8296796CA92A}.Debug|Any CPU.ActiveCfg = Debug|Any CPU
		{56663C7B-2C8F-4517-9B2E-8296796CA92A}.Debug|Any CPU.Build.0 = Debug|Any CPU
		{56663C7B-2C8F-4517-9B2E-8296796CA92A}.Debug|Any CPU.Deploy.0 = Debug|Any CPU
		{56663C7B-2C8F-4517-9B2E-8296796CA92A}.Debug|ARM.ActiveCfg = Debug|Any CPU
		{56663C7B-2C8F-4517-9B2E-8296796CA92A}.Debug|ARM.Build.0 = Debug|Any CPU
		{56663C7B-2C8F-4517-9B2E-8296796CA92A}.Debug|ARM.Deploy.0 = Debug|Any CPU
		{56663C7B-2C8F-4517-9B2E-8296796CA92A}.Debug|iPhone.ActiveCfg = Debug|Any CPU
		{56663C7B-2C8F-4517-9B2E-8296796CA92A}.Debug|iPhone.Build.0 = Debug|Any CPU
		{56663C7B-2C8F-4517-9B2E-8296796CA92A}.Debug|iPhone.Deploy.0 = Debug|Any CPU
		{56663C7B-2C8F-4517-9B2E-8296796CA92A}.Debug|iPhoneSimulator.ActiveCfg = Debug|Any CPU
		{56663C7B-2C8F-4517-9B2E-8296796CA92A}.Debug|iPhoneSimulator.Build.0 = Debug|Any CPU
		{56663C7B-2C8F-4517-9B2E-8296796CA92A}.Debug|iPhoneSimulator.Deploy.0 = Debug|Any CPU
		{56663C7B-2C8F-4517-9B2E-8296796CA92A}.Debug|x64.ActiveCfg = Debug|Any CPU
		{56663C7B-2C8F-4517-9B2E-8296796CA92A}.Debug|x64.Build.0 = Debug|Any CPU
		{56663C7B-2C8F-4517-9B2E-8296796CA92A}.Debug|x64.Deploy.0 = Debug|Any CPU
		{56663C7B-2C8F-4517-9B2E-8296796CA92A}.Debug|x86.ActiveCfg = Debug|Any CPU
		{56663C7B-2C8F-4517-9B2E-8296796CA92A}.Debug|x86.Build.0 = Debug|Any CPU
		{56663C7B-2C8F-4517-9B2E-8296796CA92A}.Debug|x86.Deploy.0 = Debug|Any CPU
		{56663C7B-2C8F-4517-9B2E-8296796CA92A}.Release|Any CPU.ActiveCfg = Release|Any CPU
		{56663C7B-2C8F-4517-9B2E-8296796CA92A}.Release|Any CPU.Build.0 = Release|Any CPU
		{56663C7B-2C8F-4517-9B2E-8296796CA92A}.Release|Any CPU.Deploy.0 = Release|Any CPU
		{56663C7B-2C8F-4517-9B2E-8296796CA92A}.Release|ARM.ActiveCfg = Release|Any CPU
		{56663C7B-2C8F-4517-9B2E-8296796CA92A}.Release|ARM.Build.0 = Release|Any CPU
		{56663C7B-2C8F-4517-9B2E-8296796CA92A}.Release|ARM.Deploy.0 = Release|Any CPU
		{56663C7B-2C8F-4517-9B2E-8296796CA92A}.Release|iPhone.ActiveCfg = Release|Any CPU
		{56663C7B-2C8F-4517-9B2E-8296796CA92A}.Release|iPhone.Build.0 = Release|Any CPU
		{56663C7B-2C8F-4517-9B2E-8296796CA92A}.Release|iPhone.Deploy.0 = Release|Any CPU
		{56663C7B-2C8F-4517-9B2E-8296796CA92A}.Release|iPhoneSimulator.ActiveCfg = Release|Any CPU
		{56663C7B-2C8F-4517-9B2E-8296796CA92A}.Release|iPhoneSimulator.Build.0 = Release|Any CPU
		{56663C7B-2C8F-4517-9B2E-8296796CA92A}.Release|iPhoneSimulator.Deploy.0 = Release|Any CPU
		{56663C7B-2C8F-4517-9B2E-8296796CA92A}.Release|x64.ActiveCfg = Release|Any CPU
		{56663C7B-2C8F-4517-9B2E-8296796CA92A}.Release|x64.Build.0 = Release|Any CPU
		{56663C7B-2C8F-4517-9B2E-8296796CA92A}.Release|x64.Deploy.0 = Release|Any CPU
		{56663C7B-2C8F-4517-9B2E-8296796CA92A}.Release|x86.ActiveCfg = Release|Any CPU
		{56663C7B-2C8F-4517-9B2E-8296796CA92A}.Release|x86.Build.0 = Release|Any CPU
		{56663C7B-2C8F-4517-9B2E-8296796CA92A}.Release|x86.Deploy.0 = Release|Any CPU
		{A35D222A-BC5D-4657-8CF6-4627E2032E12}.Ad-Hoc|Any CPU.ActiveCfg = Release|Any CPU
		{A35D222A-BC5D-4657-8CF6-4627E2032E12}.Ad-Hoc|Any CPU.Build.0 = Release|Any CPU
		{A35D222A-BC5D-4657-8CF6-4627E2032E12}.Ad-Hoc|ARM.ActiveCfg = Release|Any CPU
		{A35D222A-BC5D-4657-8CF6-4627E2032E12}.Ad-Hoc|ARM.Build.0 = Release|Any CPU
		{A35D222A-BC5D-4657-8CF6-4627E2032E12}.Ad-Hoc|iPhone.ActiveCfg = Release|Any CPU
		{A35D222A-BC5D-4657-8CF6-4627E2032E12}.Ad-Hoc|iPhone.Build.0 = Release|Any CPU
		{A35D222A-BC5D-4657-8CF6-4627E2032E12}.Ad-Hoc|iPhoneSimulator.ActiveCfg = Release|Any CPU
		{A35D222A-BC5D-4657-8CF6-4627E2032E12}.Ad-Hoc|iPhoneSimulator.Build.0 = Release|Any CPU
		{A35D222A-BC5D-4657-8CF6-4627E2032E12}.Ad-Hoc|x64.ActiveCfg = Release|Any CPU
		{A35D222A-BC5D-4657-8CF6-4627E2032E12}.Ad-Hoc|x64.Build.0 = Release|Any CPU
		{A35D222A-BC5D-4657-8CF6-4627E2032E12}.Ad-Hoc|x86.ActiveCfg = Release|Any CPU
		{A35D222A-BC5D-4657-8CF6-4627E2032E12}.Ad-Hoc|x86.Build.0 = Release|Any CPU
		{A35D222A-BC5D-4657-8CF6-4627E2032E12}.AppStore|Any CPU.ActiveCfg = Release|Any CPU
		{A35D222A-BC5D-4657-8CF6-4627E2032E12}.AppStore|Any CPU.Build.0 = Release|Any CPU
		{A35D222A-BC5D-4657-8CF6-4627E2032E12}.AppStore|ARM.ActiveCfg = Release|Any CPU
		{A35D222A-BC5D-4657-8CF6-4627E2032E12}.AppStore|ARM.Build.0 = Release|Any CPU
		{A35D222A-BC5D-4657-8CF6-4627E2032E12}.AppStore|iPhone.ActiveCfg = Release|Any CPU
		{A35D222A-BC5D-4657-8CF6-4627E2032E12}.AppStore|iPhone.Build.0 = Release|Any CPU
		{A35D222A-BC5D-4657-8CF6-4627E2032E12}.AppStore|iPhoneSimulator.ActiveCfg = Release|Any CPU
		{A35D222A-BC5D-4657-8CF6-4627E2032E12}.AppStore|iPhoneSimulator.Build.0 = Release|Any CPU
		{A35D222A-BC5D-4657-8CF6-4627E2032E12}.AppStore|x64.ActiveCfg = Release|Any CPU
		{A35D222A-BC5D-4657-8CF6-4627E2032E12}.AppStore|x64.Build.0 = Release|Any CPU
		{A35D222A-BC5D-4657-8CF6-4627E2032E12}.AppStore|x86.ActiveCfg = Release|Any CPU
		{A35D222A-BC5D-4657-8CF6-4627E2032E12}.AppStore|x86.Build.0 = Release|Any CPU
		{A35D222A-BC5D-4657-8CF6-4627E2032E12}.Debug|Any CPU.ActiveCfg = Debug|Any CPU
		{A35D222A-BC5D-4657-8CF6-4627E2032E12}.Debug|Any CPU.Build.0 = Debug|Any CPU
		{A35D222A-BC5D-4657-8CF6-4627E2032E12}.Debug|ARM.ActiveCfg = Debug|Any CPU
		{A35D222A-BC5D-4657-8CF6-4627E2032E12}.Debug|ARM.Build.0 = Debug|Any CPU
		{A35D222A-BC5D-4657-8CF6-4627E2032E12}.Debug|iPhone.ActiveCfg = Debug|Any CPU
		{A35D222A-BC5D-4657-8CF6-4627E2032E12}.Debug|iPhone.Build.0 = Debug|Any CPU
		{A35D222A-BC5D-4657-8CF6-4627E2032E12}.Debug|iPhoneSimulator.ActiveCfg = Debug|Any CPU
		{A35D222A-BC5D-4657-8CF6-4627E2032E12}.Debug|iPhoneSimulator.Build.0 = Debug|Any CPU
		{A35D222A-BC5D-4657-8CF6-4627E2032E12}.Debug|x64.ActiveCfg = Debug|Any CPU
		{A35D222A-BC5D-4657-8CF6-4627E2032E12}.Debug|x64.Build.0 = Debug|Any CPU
		{A35D222A-BC5D-4657-8CF6-4627E2032E12}.Debug|x86.ActiveCfg = Debug|Any CPU
		{A35D222A-BC5D-4657-8CF6-4627E2032E12}.Debug|x86.Build.0 = Debug|Any CPU
		{A35D222A-BC5D-4657-8CF6-4627E2032E12}.Release|Any CPU.ActiveCfg = Release|Any CPU
		{A35D222A-BC5D-4657-8CF6-4627E2032E12}.Release|Any CPU.Build.0 = Release|Any CPU
		{A35D222A-BC5D-4657-8CF6-4627E2032E12}.Release|ARM.ActiveCfg = Release|Any CPU
		{A35D222A-BC5D-4657-8CF6-4627E2032E12}.Release|ARM.Build.0 = Release|Any CPU
		{A35D222A-BC5D-4657-8CF6-4627E2032E12}.Release|iPhone.ActiveCfg = Release|Any CPU
		{A35D222A-BC5D-4657-8CF6-4627E2032E12}.Release|iPhone.Build.0 = Release|Any CPU
		{A35D222A-BC5D-4657-8CF6-4627E2032E12}.Release|iPhoneSimulator.ActiveCfg = Release|Any CPU
		{A35D222A-BC5D-4657-8CF6-4627E2032E12}.Release|iPhoneSimulator.Build.0 = Release|Any CPU
		{A35D222A-BC5D-4657-8CF6-4627E2032E12}.Release|x64.ActiveCfg = Release|Any CPU
		{A35D222A-BC5D-4657-8CF6-4627E2032E12}.Release|x64.Build.0 = Release|Any CPU
		{A35D222A-BC5D-4657-8CF6-4627E2032E12}.Release|x86.ActiveCfg = Release|Any CPU
		{A35D222A-BC5D-4657-8CF6-4627E2032E12}.Release|x86.Build.0 = Release|Any CPU
		{82B06D40-F387-4014-9AC4-EEC39918E409}.Ad-Hoc|Any CPU.ActiveCfg = Release|x86
		{82B06D40-F387-4014-9AC4-EEC39918E409}.Ad-Hoc|Any CPU.Build.0 = Release|x86
		{82B06D40-F387-4014-9AC4-EEC39918E409}.Ad-Hoc|Any CPU.Deploy.0 = Release|x86
		{82B06D40-F387-4014-9AC4-EEC39918E409}.Ad-Hoc|ARM.ActiveCfg = Release|ARM
		{82B06D40-F387-4014-9AC4-EEC39918E409}.Ad-Hoc|ARM.Build.0 = Release|ARM
		{82B06D40-F387-4014-9AC4-EEC39918E409}.Ad-Hoc|ARM.Deploy.0 = Release|ARM
		{82B06D40-F387-4014-9AC4-EEC39918E409}.Ad-Hoc|iPhone.ActiveCfg = Release|x86
		{82B06D40-F387-4014-9AC4-EEC39918E409}.Ad-Hoc|iPhone.Build.0 = Release|x86
		{82B06D40-F387-4014-9AC4-EEC39918E409}.Ad-Hoc|iPhone.Deploy.0 = Release|x86
		{82B06D40-F387-4014-9AC4-EEC39918E409}.Ad-Hoc|iPhoneSimulator.ActiveCfg = Release|x86
		{82B06D40-F387-4014-9AC4-EEC39918E409}.Ad-Hoc|iPhoneSimulator.Build.0 = Release|x86
		{82B06D40-F387-4014-9AC4-EEC39918E409}.Ad-Hoc|iPhoneSimulator.Deploy.0 = Release|x86
		{82B06D40-F387-4014-9AC4-EEC39918E409}.Ad-Hoc|x64.ActiveCfg = Release|x64
		{82B06D40-F387-4014-9AC4-EEC39918E409}.Ad-Hoc|x64.Build.0 = Release|x64
		{82B06D40-F387-4014-9AC4-EEC39918E409}.Ad-Hoc|x64.Deploy.0 = Release|x64
		{82B06D40-F387-4014-9AC4-EEC39918E409}.Ad-Hoc|x86.ActiveCfg = Release|x86
		{82B06D40-F387-4014-9AC4-EEC39918E409}.Ad-Hoc|x86.Build.0 = Release|x86
		{82B06D40-F387-4014-9AC4-EEC39918E409}.Ad-Hoc|x86.Deploy.0 = Release|x86
		{82B06D40-F387-4014-9AC4-EEC39918E409}.AppStore|Any CPU.ActiveCfg = Release|x86
		{82B06D40-F387-4014-9AC4-EEC39918E409}.AppStore|Any CPU.Build.0 = Release|x86
		{82B06D40-F387-4014-9AC4-EEC39918E409}.AppStore|Any CPU.Deploy.0 = Release|x86
		{82B06D40-F387-4014-9AC4-EEC39918E409}.AppStore|ARM.ActiveCfg = Release|ARM
		{82B06D40-F387-4014-9AC4-EEC39918E409}.AppStore|ARM.Build.0 = Release|ARM
		{82B06D40-F387-4014-9AC4-EEC39918E409}.AppStore|ARM.Deploy.0 = Release|ARM
		{82B06D40-F387-4014-9AC4-EEC39918E409}.AppStore|iPhone.ActiveCfg = Release|x86
		{82B06D40-F387-4014-9AC4-EEC39918E409}.AppStore|iPhone.Build.0 = Release|x86
		{82B06D40-F387-4014-9AC4-EEC39918E409}.AppStore|iPhone.Deploy.0 = Release|x86
		{82B06D40-F387-4014-9AC4-EEC39918E409}.AppStore|iPhoneSimulator.ActiveCfg = Release|x86
		{82B06D40-F387-4014-9AC4-EEC39918E409}.AppStore|iPhoneSimulator.Build.0 = Release|x86
		{82B06D40-F387-4014-9AC4-EEC39918E409}.AppStore|iPhoneSimulator.Deploy.0 = Release|x86
		{82B06D40-F387-4014-9AC4-EEC39918E409}.AppStore|x64.ActiveCfg = Release|x64
		{82B06D40-F387-4014-9AC4-EEC39918E409}.AppStore|x64.Build.0 = Release|x64
		{82B06D40-F387-4014-9AC4-EEC39918E409}.AppStore|x64.Deploy.0 = Release|x64
		{82B06D40-F387-4014-9AC4-EEC39918E409}.AppStore|x86.ActiveCfg = Release|x86
		{82B06D40-F387-4014-9AC4-EEC39918E409}.AppStore|x86.Build.0 = Release|x86
		{82B06D40-F387-4014-9AC4-EEC39918E409}.AppStore|x86.Deploy.0 = Release|x86
		{82B06D40-F387-4014-9AC4-EEC39918E409}.Debug|Any CPU.ActiveCfg = Debug|x86
		{82B06D40-F387-4014-9AC4-EEC39918E409}.Debug|ARM.ActiveCfg = Debug|ARM
		{82B06D40-F387-4014-9AC4-EEC39918E409}.Debug|ARM.Build.0 = Debug|ARM
		{82B06D40-F387-4014-9AC4-EEC39918E409}.Debug|ARM.Deploy.0 = Debug|ARM
		{82B06D40-F387-4014-9AC4-EEC39918E409}.Debug|iPhone.ActiveCfg = Debug|x86
		{82B06D40-F387-4014-9AC4-EEC39918E409}.Debug|iPhoneSimulator.ActiveCfg = Debug|x86
		{82B06D40-F387-4014-9AC4-EEC39918E409}.Debug|x64.ActiveCfg = Debug|x64
		{82B06D40-F387-4014-9AC4-EEC39918E409}.Debug|x64.Build.0 = Debug|x64
		{82B06D40-F387-4014-9AC4-EEC39918E409}.Debug|x64.Deploy.0 = Debug|x64
		{82B06D40-F387-4014-9AC4-EEC39918E409}.Debug|x86.ActiveCfg = Debug|x86
		{82B06D40-F387-4014-9AC4-EEC39918E409}.Debug|x86.Build.0 = Debug|x86
		{82B06D40-F387-4014-9AC4-EEC39918E409}.Debug|x86.Deploy.0 = Debug|x86
		{82B06D40-F387-4014-9AC4-EEC39918E409}.Release|Any CPU.ActiveCfg = Release|x86
		{82B06D40-F387-4014-9AC4-EEC39918E409}.Release|ARM.ActiveCfg = Release|ARM
		{82B06D40-F387-4014-9AC4-EEC39918E409}.Release|ARM.Build.0 = Release|ARM
		{82B06D40-F387-4014-9AC4-EEC39918E409}.Release|ARM.Deploy.0 = Release|ARM
		{82B06D40-F387-4014-9AC4-EEC39918E409}.Release|iPhone.ActiveCfg = Release|x86
		{82B06D40-F387-4014-9AC4-EEC39918E409}.Release|iPhoneSimulator.ActiveCfg = Release|x86
		{82B06D40-F387-4014-9AC4-EEC39918E409}.Release|x64.ActiveCfg = Release|x64
		{82B06D40-F387-4014-9AC4-EEC39918E409}.Release|x64.Build.0 = Release|x64
		{82B06D40-F387-4014-9AC4-EEC39918E409}.Release|x64.Deploy.0 = Release|x64
		{82B06D40-F387-4014-9AC4-EEC39918E409}.Release|x86.ActiveCfg = Release|x86
		{82B06D40-F387-4014-9AC4-EEC39918E409}.Release|x86.Build.0 = Release|x86
		{82B06D40-F387-4014-9AC4-EEC39918E409}.Release|x86.Deploy.0 = Release|x86
		{EA31850F-1F68-462F-BD84-BC1AA68AFA12}.Ad-Hoc|Any CPU.ActiveCfg = Ad-Hoc|iPhone
		{EA31850F-1F68-462F-BD84-BC1AA68AFA12}.Ad-Hoc|ARM.ActiveCfg = Ad-Hoc|iPhone
		{EA31850F-1F68-462F-BD84-BC1AA68AFA12}.Ad-Hoc|iPhone.ActiveCfg = Ad-Hoc|iPhone
		{EA31850F-1F68-462F-BD84-BC1AA68AFA12}.Ad-Hoc|iPhone.Build.0 = Ad-Hoc|iPhone
		{EA31850F-1F68-462F-BD84-BC1AA68AFA12}.Ad-Hoc|iPhoneSimulator.ActiveCfg = Ad-Hoc|iPhoneSimulator
		{EA31850F-1F68-462F-BD84-BC1AA68AFA12}.Ad-Hoc|iPhoneSimulator.Build.0 = Ad-Hoc|iPhoneSimulator
		{EA31850F-1F68-462F-BD84-BC1AA68AFA12}.Ad-Hoc|x64.ActiveCfg = Ad-Hoc|iPhone
		{EA31850F-1F68-462F-BD84-BC1AA68AFA12}.Ad-Hoc|x86.ActiveCfg = Ad-Hoc|iPhone
		{EA31850F-1F68-462F-BD84-BC1AA68AFA12}.AppStore|Any CPU.ActiveCfg = AppStore|iPhone
		{EA31850F-1F68-462F-BD84-BC1AA68AFA12}.AppStore|ARM.ActiveCfg = AppStore|iPhone
		{EA31850F-1F68-462F-BD84-BC1AA68AFA12}.AppStore|iPhone.ActiveCfg = AppStore|iPhone
		{EA31850F-1F68-462F-BD84-BC1AA68AFA12}.AppStore|iPhone.Build.0 = AppStore|iPhone
		{EA31850F-1F68-462F-BD84-BC1AA68AFA12}.AppStore|iPhoneSimulator.ActiveCfg = AppStore|iPhoneSimulator
		{EA31850F-1F68-462F-BD84-BC1AA68AFA12}.AppStore|iPhoneSimulator.Build.0 = AppStore|iPhoneSimulator
		{EA31850F-1F68-462F-BD84-BC1AA68AFA12}.AppStore|x64.ActiveCfg = AppStore|iPhone
		{EA31850F-1F68-462F-BD84-BC1AA68AFA12}.AppStore|x86.ActiveCfg = AppStore|iPhone
		{EA31850F-1F68-462F-BD84-BC1AA68AFA12}.Debug|Any CPU.ActiveCfg = Debug|iPhone
		{EA31850F-1F68-462F-BD84-BC1AA68AFA12}.Debug|ARM.ActiveCfg = Debug|iPhone
		{EA31850F-1F68-462F-BD84-BC1AA68AFA12}.Debug|iPhone.ActiveCfg = Debug|iPhone
		{EA31850F-1F68-462F-BD84-BC1AA68AFA12}.Debug|iPhone.Build.0 = Debug|iPhone
		{EA31850F-1F68-462F-BD84-BC1AA68AFA12}.Debug|iPhoneSimulator.ActiveCfg = Debug|iPhoneSimulator
		{EA31850F-1F68-462F-BD84-BC1AA68AFA12}.Debug|iPhoneSimulator.Build.0 = Debug|iPhoneSimulator
		{EA31850F-1F68-462F-BD84-BC1AA68AFA12}.Debug|x64.ActiveCfg = Debug|iPhone
		{EA31850F-1F68-462F-BD84-BC1AA68AFA12}.Debug|x86.ActiveCfg = Debug|iPhone
		{EA31850F-1F68-462F-BD84-BC1AA68AFA12}.Release|Any CPU.ActiveCfg = Release|iPhone
		{EA31850F-1F68-462F-BD84-BC1AA68AFA12}.Release|ARM.ActiveCfg = Release|iPhone
		{EA31850F-1F68-462F-BD84-BC1AA68AFA12}.Release|iPhone.ActiveCfg = Release|iPhone
		{EA31850F-1F68-462F-BD84-BC1AA68AFA12}.Release|iPhone.Build.0 = Release|iPhone
		{EA31850F-1F68-462F-BD84-BC1AA68AFA12}.Release|iPhoneSimulator.ActiveCfg = Release|iPhoneSimulator
		{EA31850F-1F68-462F-BD84-BC1AA68AFA12}.Release|iPhoneSimulator.Build.0 = Release|iPhoneSimulator
		{EA31850F-1F68-462F-BD84-BC1AA68AFA12}.Release|x64.ActiveCfg = Release|iPhone
		{EA31850F-1F68-462F-BD84-BC1AA68AFA12}.Release|x86.ActiveCfg = Release|iPhone
	EndGlobalSection
	GlobalSection(SolutionProperties) = preSolution
		HideSolutionNode = FALSE
	EndGlobalSection
EndGlobal
